{
  "name": "first",
  "version": "1.0.0",
  "lockfileVersion": 2,
  "requires": true,
  "packages": {
    "": {
      "name": "first",
      "version": "1.0.0",
      "license": "ISC",
      "dependencies": {
        "@hapi/inert": "^6.0.5",
        "hapi": "^18.1.0",
        "hapi-geo-locate": "^4.1.1"
      }
    },
    "node_modules/@hapi/ammo": {
      "version": "5.0.1",
      "resolved": "https://registry.npmjs.org/@hapi/ammo/-/ammo-5.0.1.tgz",
      "integrity": "sha512-FbCNwcTbnQP4VYYhLNGZmA76xb2aHg9AMPiy18NZyWMG310P5KdFGyA9v2rm5ujrIny77dEEIkMOwl0Xv+fSSA==",
      "dependencies": {
        "@hapi/hoek": "9.x.x"
      }
    },
    "node_modules/@hapi/boom": {
      "version": "9.1.4",
      "resolved": "https://registry.npmjs.org/@hapi/boom/-/boom-9.1.4.tgz",
      "integrity": "sha512-Ls1oH8jaN1vNsqcaHVYJrKmgMcKsC1wcp8bujvXrHaAqD2iDYq3HoOwsxwo09Cuda5R5nC0o0IxlrlTuvPuzSw==",
      "dependencies": {
        "@hapi/hoek": "9.x.x"
      }
    },
    "node_modules/@hapi/bounce": {
      "version": "2.0.0",
      "resolved": "https://registry.npmjs.org/@hapi/bounce/-/bounce-2.0.0.tgz",
      "integrity": "sha512-JesW92uyzOOyuzJKjoLHM1ThiOvHPOLDHw01YV8yh5nCso7sDwJho1h0Ad2N+E62bZyz46TG3xhAi/78Gsct6A==",
      "dependencies": {
        "@hapi/boom": "9.x.x",
        "@hapi/hoek": "9.x.x"
      }
    },
    "node_modules/@hapi/hoek": {
      "version": "9.3.0",
      "resolved": "https://registry.npmjs.org/@hapi/hoek/-/hoek-9.3.0.tgz",
      "integrity": "sha512-/c6rf4UJlmHlC9b5BaNvzAcFv7HZ2QHaV0D4/HNlBdvFnvQq8RI4kYdhyPCl7Xj+oWvTWQ8ujhqS53LIgAe6KQ=="
    },
    "node_modules/@hapi/inert": {
      "version": "6.0.5",
      "resolved": "https://registry.npmjs.org/@hapi/inert/-/inert-6.0.5.tgz",
      "integrity": "sha512-eVAdUVhJLmmXLM/Zt7u5H5Vzazs9GKe4zfPK2b97ePHEfs3g/AQkxHfYQjJqMy11hvyB7a21Z6rBEA0R//dtXw==",
      "dependencies": {
        "@hapi/ammo": "5.x.x",
        "@hapi/boom": "9.x.x",
        "@hapi/bounce": "2.x.x",
        "@hapi/hoek": "9.x.x",
        "@hapi/validate": "1.x.x",
        "lru-cache": "^6.0.0"
      }
    },
    "node_modules/@hapi/topo": {
      "version": "5.1.0",
      "resolved": "https://registry.npmjs.org/@hapi/topo/-/topo-5.1.0.tgz",
      "integrity": "sha512-foQZKJig7Ob0BMAYBfcJk8d77QtOe7Wo4ox7ff1lQYoNNAb6jwcY1ncdoy2e9wQZzvNy7ODZCYJkK8kzmcAnAg==",
      "dependencies": {
        "@hapi/hoek": "^9.0.0"
      }
    },
    "node_modules/@hapi/validate": {
      "version": "1.1.3",
      "resolved": "https://registry.npmjs.org/@hapi/validate/-/validate-1.1.3.tgz",
      "integrity": "sha512-/XMR0N0wjw0Twzq2pQOzPBZlDzkekGcoCtzO314BpIEsbXdYGthQUbxgkGDf4nhk1+IPDAsXqWjMohRQYO06UA==",
      "dependencies": {
        "@hapi/hoek": "^9.0.0",
        "@hapi/topo": "^5.0.0"
      }
    },
    "node_modules/@supercharge/request-ip": {
      "version": "1.0.0",
      "resolved": "https://registry.npmjs.org/@supercharge/request-ip/-/request-ip-1.0.0.tgz",
      "integrity": "sha512-9602+TvLqiUIgt1iomN0eZMlX7NsFu+MuUg6Y4AovgI9tX41kaxat3JnEjKWoFzBIgiTcEaXrd6UESImNVBYRA=="
    },
    "node_modules/assured": {
      "version": "1.0.15",
      "resolved": "https://registry.npmjs.org/assured/-/assured-1.0.15.tgz",
      "integrity": "sha512-EVb4T+6m5VdlTJ6gbv4WjBM1rHfzXP2BspsQ6VLswcnIQSabjJy7A9YEuG4/KmfF+9OEuT5xhqVJ+V1tClD5ww==",
      "dependencies": {
        "noop6": "^1.0.1",
        "sliced": "^1.0.1"
      }
    },
    "node_modules/deffy": {
      "version": "2.2.4",
      "resolved": "https://registry.npmjs.org/deffy/-/deffy-2.2.4.tgz",
      "integrity": "sha512-pLc9lsbsWjr6RxmJ2OLyvm+9l4j1yK69h+TML/gUit/t3vTijpkNGh8LioaJYTGO7F25m6HZndADcUOo2PsiUg==",
      "dependencies": {
        "typpy": "^2.0.0"
      }
    },
    "node_modules/follow-redirects": {
      "version": "1.15.0",
      "resolved": "https://registry.npmjs.org/follow-redirects/-/follow-redirects-1.15.0.tgz",
      "integrity": "sha512-aExlJShTV4qOUOL7yF1U5tvLCB0xQuudbf6toyYA0E/acBNw71mvjFTnLaRp50aQaYocMR0a/RMMBIHeZnGyjQ==",
      "funding": [
        {
          "type": "individual",
          "url": "https://github.com/sponsors/RubenVerborgh"
        }
      ],
      "engines": {
        "node": ">=4.0"
      },
      "peerDependenciesMeta": {
        "debug": {
          "optional": true
        }
      }
    },
    "node_modules/function.name": {
      "version": "1.0.13",
      "resolved": "https://registry.npmjs.org/function.name/-/function.name-1.0.13.tgz",
      "integrity": "sha512-mVrqdoy5npWZyoXl4DxCeuVF6delDcQjVS9aPdvLYlBxtMTZDR2B5GVEQEoM1jJyspCqg3C0v4ABkLE7tp9xFA==",
      "dependencies": {
        "noop6": "^1.0.1"
      }
    },
    "node_modules/hapi": {
      "version": "18.1.0",
      "resolved": "https://registry.npmjs.org/hapi/-/hapi-18.1.0.tgz",
      "integrity": "sha512-nSU1VLyTAgp7P5gy47QzJIP2JAb+wOFvJIV3gnL0lFj/mD+HuTXhyUsDYXjF/dhADMVXVEz31z6SUHBJhtsvGA==",
      "deprecated": "This version contains severe security issues and defects and should not be used! Please upgrade to the latest version of @hapi/hapi or consider a commercial license (https://github.com/hapijs/hapi/issues/4114)",
      "hasShrinkwrap": true,
      "dependencies": {
        "accept": "3.x.x",
        "ammo": "3.x.x",
        "boom": "7.x.x",
        "bounce": "1.x.x",
        "call": "5.x.x",
        "catbox": "10.x.x",
        "catbox-memory": "4.x.x",
        "heavy": "6.x.x",
        "hoek": "6.x.x",
        "joi": "14.x.x",
        "mimos": "4.x.x",
        "podium": "3.x.x",
        "shot": "4.x.x",
        "somever": "2.x.x",
        "statehood": "6.x.x",
        "subtext": "6.x.x",
        "teamwork": "3.x.x",
        "topo": "3.x.x"
      }
    },
    "node_modules/hapi-geo-locate": {
      "version": "4.1.1",
      "resolved": "https://registry.npmjs.org/hapi-geo-locate/-/hapi-geo-locate-4.1.1.tgz",
      "integrity": "sha512-TIuwD5Mr8MVIWt66KAqRwqwGfyOXNyWckLs0JEkrI7QXxcV5uIVpzZi+BWpbfr28nt4r1HvMdJNMZwUb5jvNow==",
      "dependencies": {
        "@supercharge/request-ip": "~1.0.0",
        "ipinfo": "~1.3.9"
      },
      "engines": {
        "node": ">=12"
      }
    },
    "node_modules/hapi/node_modules/accept": {
      "version": "3.1.3",
      "resolved": "https://registry.npmjs.org/accept/-/accept-3.1.3.tgz",
      "integrity": "sha512-OgOEAidVEOKPup+Gv2+2wdH2AgVKI9LxsJ4hicdJ6cY0faUuZdZoi56kkXWlHp9qicN1nWQLmW5ZRGk+SBS5xg=="
    },
    "node_modules/hapi/node_modules/ammo": {
      "version": "3.0.3",
      "resolved": "https://registry.npmjs.org/ammo/-/ammo-3.0.3.tgz",
      "integrity": "sha512-vo76VJ44MkUBZL/BzpGXaKzMfroF4ZR6+haRuw9p+eSWfoNaH2AxVc8xmiEPC08jhzJSeM6w7/iMUGet8b4oBQ=="
    },
    "node_modules/hapi/node_modules/b64": {
      "version": "4.1.2",
      "resolved": "https://registry.npmjs.org/b64/-/b64-4.1.2.tgz",
      "integrity": "sha512-+GUspBxlH3CJaxMUGUE1EBoWM6RKgWiYwUDal0qdf8m3ArnXNN1KzKVo5HOnE/FSq4HHyWf3TlHLsZI8PKQgrQ==",
      "extraneous": true
    },
    "node_modules/hapi/node_modules/boom": {
      "version": "7.3.0",
      "resolved": "https://registry.npmjs.org/boom/-/boom-7.3.0.tgz",
      "integrity": "sha512-Swpoyi2t5+GhOEGw8rEsKvTxFLIDiiKoUc2gsoV6Lyr43LHBIzch3k2MvYUs8RTROrIkVJ3Al0TkaOGjnb+B6A=="
    },
    "node_modules/hapi/node_modules/bounce": {
      "version": "1.2.3",
      "resolved": "https://registry.npmjs.org/bounce/-/bounce-1.2.3.tgz",
      "integrity": "sha512-3G7B8CyBnip5EahCZJjnvQ1HLyArC6P5e+xcolo13BVI9ogFaDOsNMAE7FIWliHtIkYI8/nTRCvCY9tZa3Mu4g=="
    },
    "node_modules/hapi/node_modules/bourne": {
      "version": "1.1.1",
      "resolved": "https://registry.npmjs.org/bourne/-/bourne-1.1.1.tgz",
      "integrity": "sha512-Ou0l3W8+n1FuTOoIfIrCk9oF9WVWc+9fKoAl67XQr9Ws0z7LgILRZ7qtc9xdT4BveSKtnYXfKPgn8pFAqeQRew==",
      "extraneous": true
    },
    "node_modules/hapi/node_modules/call": {
      "version": "5.0.3",
      "resolved": "https://registry.npmjs.org/call/-/call-5.0.3.tgz",
      "integrity": "sha512-eX16KHiAYXugbFu6VifstSdwH6aMuWWb4s0qvpq1nR1b+Sf+u68jjttg8ixDBEldPqBi30bDU35OJQWKeTLKxg=="
    },
    "node_modules/hapi/node_modules/catbox": {
      "version": "10.0.6",
      "resolved": "https://registry.npmjs.org/catbox/-/catbox-10.0.6.tgz",
      "integrity": "sha512-gQWCnF/jbHcfwGbQ4FQxyRiAwLRipqWTTXjpq7rTqqdcsnZosFa0L3LsCZcPTF33QIeMMkS7QmFBHt6QdzGPvg=="
    },
    "node_modules/hapi/node_modules/catbox-memory": {
      "version": "4.0.1",
      "resolved": "https://registry.npmjs.org/catbox-memory/-/catbox-memory-4.0.1.tgz",
      "integrity": "sha512-ZmqNiLsYCIu9qvBJ/MQbznDV2bFH5gFiH67TgIJgSSffJFtTXArT+MM3AvJQlby9NSkLHOX4eH/uuUqnch/Ldw=="
    },
    "node_modules/hapi/node_modules/content": {
      "version": "4.0.6",
      "resolved": "https://registry.npmjs.org/content/-/content-4.0.6.tgz",
      "integrity": "sha512-lR9ND3dXiMdmsE84K6l02rMdgiBVmtYWu1Vr/gfSGHcIcznBj2QxmSdUgDuNFOA+G9yrb1IIWkZ7aKtB6hDGyA==",
      "extraneous": true
    },
    "node_modules/hapi/node_modules/cryptiles": {
      "version": "4.1.3",
      "resolved": "https://registry.npmjs.org/cryptiles/-/cryptiles-4.1.3.tgz",
      "integrity": "sha512-gT9nyTMSUC1JnziQpPbxKGBbUg8VL7Zn2NB4E1cJYvuXdElHrwxrV9bmltZGDzet45zSDGyYceueke1TjynGzw==",
      "extraneous": true
    },
    "node_modules/hapi/node_modules/heavy": {
      "version": "6.1.2",
      "resolved": "https://registry.npmjs.org/heavy/-/heavy-6.1.2.tgz",
      "integrity": "sha512-cJp884bqhiebNcEHydW0g6V1MUGYOXRPw9c7MFiHQnuGxtbWuSZpsbojwb2kxb3AA1/Rfs8CNiV9MMOF8pFRDg=="
    },
    "node_modules/hapi/node_modules/hoek": {
      "version": "6.1.2",
      "resolved": "https://registry.npmjs.org/hoek/-/hoek-6.1.2.tgz",
      "integrity": "sha512-6qhh/wahGYZHFSFw12tBbJw5fsAhhwrrG/y3Cs0YMTv2WzMnL0oLPnQJjv1QJvEfylRSOFuP+xCu+tdx0tD16Q=="
    },
    "node_modules/hapi/node_modules/iron": {
      "version": "5.0.6",
      "resolved": "https://registry.npmjs.org/iron/-/iron-5.0.6.tgz",
      "integrity": "sha512-zYUMOSkEXGBdwlV/AXF9zJC0aLuTJUKHkGeYS5I2g225M5i6SrxQyGJGhPgOR8BK1omL6N5i6TcwfsXbP8/Exw==",
      "extraneous": true
    },
    "node_modules/hapi/node_modules/joi": {
      "version": "14.3.1",
      "resolved": "https://registry.npmjs.org/joi/-/joi-14.3.1.tgz",
      "integrity": "sha512-LQDdM+pkOrpAn4Lp+neNIFV3axv1Vna3j38bisbQhETPMANYRbFJFUyOZcOClYvM/hppMhGWuKSFEK9vjrB+bQ=="
    },
    "node_modules/hapi/node_modules/mime-db": {
      "version": "1.37.0",
      "resolved": "https://registry.npmjs.org/mime-db/-/mime-db-1.37.0.tgz",
      "integrity": "sha512-R3C4db6bgQhlIhPU48fUtdVmKnflq+hRdad7IyKhtFj06VPNVdk2RhiYL3UjQIlso8L+YxAtFkobT0VK+S/ybg==",
      "extraneous": true
    },
    "node_modules/hapi/node_modules/mimos": {
      "version": "4.0.2",
      "resolved": "https://registry.npmjs.org/mimos/-/mimos-4.0.2.tgz",
      "integrity": "sha512-5XBsDqBqzSN88XPPH/TFpOalWOjHJM5Z2d3AMx/30iq+qXvYKd/8MPhqBwZDOLtoaIWInR3nLzMQcxfGK9djXA=="
    },
    "node_modules/hapi/node_modules/nigel": {
      "version": "3.0.4",
      "resolved": "https://registry.npmjs.org/nigel/-/nigel-3.0.4.tgz",
      "integrity": "sha512-3SZCCS/duVDGxFpTROHEieC+itDo4UqL9JNUyQJv3rljudQbK6aqus5B4470OxhESPJLN93Qqxg16rH7DUjbfQ==",
      "extraneous": true
    },
    "node_modules/hapi/node_modules/pez": {
      "version": "4.0.5",
      "resolved": "https://registry.npmjs.org/pez/-/pez-4.0.5.tgz",
      "integrity": "sha512-HvL8uiFIlkXbx/qw4B8jKDCWzo7Pnnd65Uvanf9OOCtb20MRcb9gtTVBf9NCnhETif1/nzbDHIjAWC/sUp7LIQ==",
      "extraneous": true
    },
    "node_modules/hapi/node_modules/podium": {
      "version": "3.2.0",
      "resolved": "https://registry.npmjs.org/podium/-/podium-3.2.0.tgz",
      "integrity": "sha512-rbwvxwVkI6gRRlxZQ1zUeafrpGxZ7QPHIheinehAvGATvGIPfWRkaTeWedc5P4YjXJXEV8ZbBxPtglNylF9hjw=="
    },
    "node_modules/hapi/node_modules/shot": {
      "version": "4.0.7",
      "resolved": "https://registry.npmjs.org/shot/-/shot-4.0.7.tgz",
      "integrity": "sha512-RKaKAGKxJ11EjJl0cf2fYVSsd4KB5Cncb9J0v7w+0iIaXpxNqFWTYNDNhBX7f0XSyDrjOH9a4OWZ9Gp/ZML+ew=="
    },
    "node_modules/hapi/node_modules/somever": {
      "version": "2.0.0",
      "resolved": "https://registry.npmjs.org/somever/-/somever-2.0.0.tgz",
      "integrity": "sha512-9JaIPP+HxwYGqCDqqK3tRaTqdtQHoK6Qy3IrXhIt2q5x8fs8RcfU7BMWlFTCOgFazK8p88zIv1tHQXvAwtXMyw=="
    },
    "node_modules/hapi/node_modules/statehood": {
      "version": "6.0.9",
      "resolved": "https://registry.npmjs.org/statehood/-/statehood-6.0.9.tgz",
      "integrity": "sha512-jbFg1+MYEqfC7ABAoWZoeF4cQUtp3LUvMDUGExL76cMmleBHG7I6xlZFsE8hRi7nEySIvutHmVlLmBe9+2R5LQ=="
    },
    "node_modules/hapi/node_modules/subtext": {
      "version": "6.0.12",
      "resolved": "https://registry.npmjs.org/subtext/-/subtext-6.0.12.tgz",
      "integrity": "sha512-yT1wCDWVgqvL9BIkWzWqgj5spUSYo/Enu09iUV8t2ZvHcr2tKGTGg2kc9tUpVEsdhp1ihsZeTAiDqh0TQciTPQ=="
    },
    "node_modules/hapi/node_modules/teamwork": {
      "version": "3.0.3",
      "resolved": "https://registry.npmjs.org/teamwork/-/teamwork-3.0.3.tgz",
      "integrity": "sha512-OCB56z+G70iA1A1OFoT+51TPzfcgN0ks75uN3yhxA+EU66WTz2BevNDK4YzMqfaL5tuAvxy4iFUn35/u8pxMaQ=="
    },
    "node_modules/hapi/node_modules/topo": {
      "version": "3.0.3",
      "resolved": "https://registry.npmjs.org/topo/-/topo-3.0.3.tgz",
      "integrity": "sha512-IgpPtvD4kjrJ7CRA3ov2FhWQADwv+Tdqbsf1ZnPUSAtCJ9e1Z44MmoSGDXGk4IppoZA7jd/QRkNddlLJWlUZsQ=="
    },
    "node_modules/hapi/node_modules/vise": {
      "version": "3.0.2",
      "resolved": "https://registry.npmjs.org/vise/-/vise-3.0.2.tgz",
      "integrity": "sha512-X52VtdRQbSBXdjcazRiY3eRgV3vTQ0B+7Wh8uC9cVv7lKfML5m9+9NHlbcgCY0R9EAqD1v/v7o9mhGh2A3ANFg==",
      "extraneous": true
    },
    "node_modules/hapi/node_modules/wreck": {
      "version": "14.1.3",
      "resolved": "https://registry.npmjs.org/wreck/-/wreck-14.1.3.tgz",
      "integrity": "sha512-hb/BUtjX3ObbwO3slCOLCenQ4EP8e+n8j6FmTne3VhEFp5XV1faSJojiyxVSvw34vgdeTG5baLTl4NmjwokLlw==",
      "extraneous": true
    },
    "node_modules/ipinfo": {
      "version": "1.3.10",
      "resolved": "https://registry.npmjs.org/ipinfo/-/ipinfo-1.3.10.tgz",
      "integrity": "sha512-XkyoTnSh8rmfn5odp4k68kRS5+tOFM+xY4bAQGMBTqLG+vcjmaG80viBIuiX1NcQrH7LOumXq+RBDuMCsSfh2Q==",
      "dependencies": {
        "jsonrequest": "^4.1.3"
      },
      "engines": {
        "node": ">=4"
      }
    },
    "node_modules/jsonrequest": {
      "version": "4.2.6",
      "resolved": "https://registry.npmjs.org/jsonrequest/-/jsonrequest-4.2.6.tgz",
      "integrity": "sha512-/icyab0LIq9158C/djgV4bxbqGKDoGjsZ1UqhI6WMEYHRk4sbAlsgsiUltoMZi66Ea6iogIpy32qqkkdLtswPg==",
      "dependencies": {
        "noop6": "^1.0.6",
        "tinyreq": "^3.0.1",
        "ul": "^5.0.0"
      }
    },
    "node_modules/lru-cache": {
      "version": "6.0.0",
      "resolved": "https://registry.npmjs.org/lru-cache/-/lru-cache-6.0.0.tgz",
      "integrity": "sha512-Jo6dJ04CmSjuznwJSS3pUeWmd/H0ffTlkXXgwZi+eq1UCmqQwCh+eLsYOYCwY991i2Fah4h1BEMCx4qThGbsiA==",
      "dependencies": {
        "yallist": "^4.0.0"
      },
      "engines": {
        "node": ">=10"
      }
    },
    "node_modules/noop6": {
      "version": "1.0.9",
      "resolved": "https://registry.npmjs.org/noop6/-/noop6-1.0.9.tgz",
      "integrity": "sha512-DB3Hwyd89dPr5HqEPg3YHjzvwh/mCqizC1zZ8vyofqc+TQRyPDnT4wgXXbLGF4z9YAzwwTLi8pNLhGqcbSjgkA=="
    },
    "node_modules/sliced": {
      "version": "1.0.1",
      "resolved": "https://registry.npmjs.org/sliced/-/sliced-1.0.1.tgz",
      "integrity": "sha1-CzpmK10Ewxd7GSa+qCsD+Dei70E="
    },
    "node_modules/tinyreq": {
      "version": "3.4.2",
      "resolved": "https://registry.npmjs.org/tinyreq/-/tinyreq-3.4.2.tgz",
      "integrity": "sha512-VHl9n2w2t1HD9ftvbmYMA99g/yeioIRhpxT5cazb/jo2Vld5ZtPEVW4PhBFgNXjdL2ch8j6z0cawDCF7eIFZsQ==",
      "dependencies": {
        "assured": "^1.0.12",
        "follow-redirects": "^1.4.1",
        "noop6": "^1.0.7",
        "ul": "^5.2.13"
      }
    },
    "node_modules/typpy": {
      "version": "2.3.13",
      "resolved": "https://registry.npmjs.org/typpy/-/typpy-2.3.13.tgz",
      "integrity": "sha512-vOxIcQz9sxHi+rT09SJ5aDgVgrPppQjwnnayTrMye1ODaU8gIZTDM19t9TxmEElbMihx2Nq/0/b/MtyKfayRqA==",
      "dependencies": {
        "function.name": "^1.0.3"
      }
    },
    "node_modules/ul": {
      "version": "5.2.15",
      "resolved": "https://registry.npmjs.org/ul/-/ul-5.2.15.tgz",
      "integrity": "sha512-svLEUy8xSCip5IWnsRa0UOg+2zP0Wsj4qlbjTmX6GJSmvKMHADBuHOm1dpNkWqWPIGuVSqzUkV3Cris5JrlTRQ==",
      "dependencies": {
        "deffy": "^2.2.2",
        "typpy": "^2.3.4"
      }
    },
    "node_modules/yallist": {
      "version": "4.0.0",
      "resolved": "https://registry.npmjs.org/yallist/-/yallist-4.0.0.tgz",
      "integrity": "sha512-3wdGidZyq5PB084XLES5TpOSRA3wjXAlIWMhum2kRcv/41Sn2emQ0dycQW4uZXLejwKvg6EsvbdlVL+FYEct7A=="
    }
  },
  "dependencies": {
    "@hapi/ammo": {
      "version": "5.0.1",
      "resolved": "https://registry.npmjs.org/@hapi/ammo/-/ammo-5.0.1.tgz",
      "integrity": "sha512-FbCNwcTbnQP4VYYhLNGZmA76xb2aHg9AMPiy18NZyWMG310P5KdFGyA9v2rm5ujrIny77dEEIkMOwl0Xv+fSSA==",
      "requires": {
        "@hapi/hoek": "9.x.x"
      }
    },
    "@hapi/boom": {
      "version": "9.1.4",
      "resolved": "https://registry.npmjs.org/@hapi/boom/-/boom-9.1.4.tgz",
      "integrity": "sha512-Ls1oH8jaN1vNsqcaHVYJrKmgMcKsC1wcp8bujvXrHaAqD2iDYq3HoOwsxwo09Cuda5R5nC0o0IxlrlTuvPuzSw==",
      "requires": {
        "@hapi/hoek": "9.x.x"
      }
    },
    "@hapi/bounce": {
      "version": "2.0.0",
      "resolved": "https://registry.npmjs.org/@hapi/bounce/-/bounce-2.0.0.tgz",
      "integrity": "sha512-JesW92uyzOOyuzJKjoLHM1ThiOvHPOLDHw01YV8yh5nCso7sDwJho1h0Ad2N+E62bZyz46TG3xhAi/78Gsct6A==",
      "requires": {
        "@hapi/boom": "9.x.x",
        "@hapi/hoek": "9.x.x"
      }
    },
    "@hapi/hoek": {
      "version": "9.3.0",
      "resolved": "https://registry.npmjs.org/@hapi/hoek/-/hoek-9.3.0.tgz",
      "integrity": "sha512-/c6rf4UJlmHlC9b5BaNvzAcFv7HZ2QHaV0D4/HNlBdvFnvQq8RI4kYdhyPCl7Xj+oWvTWQ8ujhqS53LIgAe6KQ=="
    },
    "@hapi/inert": {
      "version": "6.0.5",
      "resolved": "https://registry.npmjs.org/@hapi/inert/-/inert-6.0.5.tgz",
      "integrity": "sha512-eVAdUVhJLmmXLM/Zt7u5H5Vzazs9GKe4zfPK2b97ePHEfs3g/AQkxHfYQjJqMy11hvyB7a21Z6rBEA0R//dtXw==",
      "requires": {
        "@hapi/ammo": "5.x.x",
        "@hapi/boom": "9.x.x",
        "@hapi/bounce": "2.x.x",
        "@hapi/hoek": "9.x.x",
        "@hapi/validate": "1.x.x",
        "lru-cache": "^6.0.0"
      }
    },
    "@hapi/topo": {
      "version": "5.1.0",
      "resolved": "https://registry.npmjs.org/@hapi/topo/-/topo-5.1.0.tgz",
      "integrity": "sha512-foQZKJig7Ob0BMAYBfcJk8d77QtOe7Wo4ox7ff1lQYoNNAb6jwcY1ncdoy2e9wQZzvNy7ODZCYJkK8kzmcAnAg==",
      "requires": {
        "@hapi/hoek": "^9.0.0"
      }
    },
    "@hapi/validate": {
      "version": "1.1.3",
      "resolved": "https://registry.npmjs.org/@hapi/validate/-/validate-1.1.3.tgz",
      "integrity": "sha512-/XMR0N0wjw0Twzq2pQOzPBZlDzkekGcoCtzO314BpIEsbXdYGthQUbxgkGDf4nhk1+IPDAsXqWjMohRQYO06UA==",
      "requires": {
        "@hapi/hoek": "^9.0.0",
        "@hapi/topo": "^5.0.0"
      }
    },
    "@supercharge/request-ip": {
      "version": "1.0.0",
      "resolved": "https://registry.npmjs.org/@supercharge/request-ip/-/request-ip-1.0.0.tgz",
      "integrity": "sha512-9602+TvLqiUIgt1iomN0eZMlX7NsFu+MuUg6Y4AovgI9tX41kaxat3JnEjKWoFzBIgiTcEaXrd6UESImNVBYRA=="
    },
    "assured": {
      "version": "1.0.15",
      "resolved": "https://registry.npmjs.org/assured/-/assured-1.0.15.tgz",
      "integrity": "sha512-EVb4T+6m5VdlTJ6gbv4WjBM1rHfzXP2BspsQ6VLswcnIQSabjJy7A9YEuG4/KmfF+9OEuT5xhqVJ+V1tClD5ww==",
      "requires": {
        "noop6": "^1.0.1",
        "sliced": "^1.0.1"
      }
    },
    "deffy": {
      "version": "2.2.4",
      "resolved": "https://registry.npmjs.org/deffy/-/deffy-2.2.4.tgz",
      "integrity": "sha512-pLc9lsbsWjr6RxmJ2OLyvm+9l4j1yK69h+TML/gUit/t3vTijpkNGh8LioaJYTGO7F25m6HZndADcUOo2PsiUg==",
      "requires": {
        "typpy": "^2.0.0"
      }
    },
    "follow-redirects": {
      "version": "1.15.0",
      "resolved": "https://registry.npmjs.org/follow-redirects/-/follow-redirects-1.15.0.tgz",
      "integrity": "sha512-aExlJShTV4qOUOL7yF1U5tvLCB0xQuudbf6toyYA0E/acBNw71mvjFTnLaRp50aQaYocMR0a/RMMBIHeZnGyjQ=="
    },
    "function.name": {
      "version": "1.0.13",
      "resolved": "https://registry.npmjs.org/function.name/-/function.name-1.0.13.tgz",
      "integrity": "sha512-mVrqdoy5npWZyoXl4DxCeuVF6delDcQjVS9aPdvLYlBxtMTZDR2B5GVEQEoM1jJyspCqg3C0v4ABkLE7tp9xFA==",
      "requires": {
        "noop6": "^1.0.1"
      }
    },
    "hapi": {
      "version": "18.1.0",
      "resolved": "https://registry.npmjs.org/hapi/-/hapi-18.1.0.tgz",
      "integrity": "sha512-nSU1VLyTAgp7P5gy47QzJIP2JAb+wOFvJIV3gnL0lFj/mD+HuTXhyUsDYXjF/dhADMVXVEz31z6SUHBJhtsvGA==",
      "requires": {
        "accept": "3.x.x",
        "ammo": "3.x.x",
        "boom": "7.x.x",
        "bounce": "1.x.x",
        "call": "5.x.x",
        "catbox": "10.x.x",
        "catbox-memory": "4.x.x",
        "heavy": "6.x.x",
        "hoek": "6.x.x",
        "joi": "14.x.x",
        "mimos": "4.x.x",
        "podium": "3.x.x",
        "shot": "4.x.x",
        "somever": "2.x.x",
        "statehood": "6.x.x",
        "subtext": "6.x.x",
        "teamwork": "3.x.x",
        "topo": "3.x.x"
      },
      "dependencies": {
        "accept": {
          "version": "3.1.3",
          "resolved": "https://registry.npmjs.org/accept/-/accept-3.1.3.tgz",
          "integrity": "sha512-OgOEAidVEOKPup+Gv2+2wdH2AgVKI9LxsJ4hicdJ6cY0faUuZdZoi56kkXWlHp9qicN1nWQLmW5ZRGk+SBS5xg=="
        },
        "ammo": {
          "version": "3.0.3",
          "resolved": "https://registry.npmjs.org/ammo/-/ammo-3.0.3.tgz",
          "integrity": "sha512-vo76VJ44MkUBZL/BzpGXaKzMfroF4ZR6+haRuw9p+eSWfoNaH2AxVc8xmiEPC08jhzJSeM6w7/iMUGet8b4oBQ=="
        },
        "b64": {
          "version": "https://registry.npmjs.org/b64/-/b64-4.1.2.tgz",
          "integrity": "sha512-+GUspBxlH3CJaxMUGUE1EBoWM6RKgWiYwUDal0qdf8m3ArnXNN1KzKVo5HOnE/FSq4HHyWf3TlHLsZI8PKQgrQ==",
          "extraneous": true
        },
        "boom": {
          "version": "7.3.0",
          "resolved": "https://registry.npmjs.org/boom/-/boom-7.3.0.tgz",
          "integrity": "sha512-Swpoyi2t5+GhOEGw8rEsKvTxFLIDiiKoUc2gsoV6Lyr43LHBIzch3k2MvYUs8RTROrIkVJ3Al0TkaOGjnb+B6A=="
        },
        "bounce": {
          "version": "1.2.3",
          "resolved": "https://registry.npmjs.org/bounce/-/bounce-1.2.3.tgz",
          "integrity": "sha512-3G7B8CyBnip5EahCZJjnvQ1HLyArC6P5e+xcolo13BVI9ogFaDOsNMAE7FIWliHtIkYI8/nTRCvCY9tZa3Mu4g=="
        },
        "bourne": {
          "version": "https://registry.npmjs.org/bourne/-/bourne-1.1.1.tgz",
          "integrity": "sha512-Ou0l3W8+n1FuTOoIfIrCk9oF9WVWc+9fKoAl67XQr9Ws0z7LgILRZ7qtc9xdT4BveSKtnYXfKPgn8pFAqeQRew==",
          "extraneous": true
        },
        "call": {
          "version": "5.0.3",
          "resolved": "https://registry.npmjs.org/call/-/call-5.0.3.tgz",
          "integrity": "sha512-eX16KHiAYXugbFu6VifstSdwH6aMuWWb4s0qvpq1nR1b+Sf+u68jjttg8ixDBEldPqBi30bDU35OJQWKeTLKxg=="
        },
        "catbox": {
          "version": "10.0.6",
          "resolved": "https://registry.npmjs.org/catbox/-/catbox-10.0.6.tgz",
          "integrity": "sha512-gQWCnF/jbHcfwGbQ4FQxyRiAwLRipqWTTXjpq7rTqqdcsnZosFa0L3LsCZcPTF33QIeMMkS7QmFBHt6QdzGPvg=="
        },
        "catbox-memory": {
          "version": "4.0.1",
          "resolved": "https://registry.npmjs.org/catbox-memory/-/catbox-memory-4.0.1.tgz",
          "integrity": "sha512-ZmqNiLsYCIu9qvBJ/MQbznDV2bFH5gFiH67TgIJgSSffJFtTXArT+MM3AvJQlby9NSkLHOX4eH/uuUqnch/Ldw=="
        },
        "content": {
          "version": "https://registry.npmjs.org/content/-/content-4.0.6.tgz",
          "integrity": "sha512-lR9ND3dXiMdmsE84K6l02rMdgiBVmtYWu1Vr/gfSGHcIcznBj2QxmSdUgDuNFOA+G9yrb1IIWkZ7aKtB6hDGyA==",
          "extraneous": true
        },
        "cryptiles": {
          "version": "https://registry.npmjs.org/cryptiles/-/cryptiles-4.1.3.tgz",
          "integrity": "sha512-gT9nyTMSUC1JnziQpPbxKGBbUg8VL7Zn2NB4E1cJYvuXdElHrwxrV9bmltZGDzet45zSDGyYceueke1TjynGzw==",
          "extraneous": true
        },
        "heavy": {
          "version": "6.1.2",
          "resolved": "https://registry.npmjs.org/heavy/-/heavy-6.1.2.tgz",
          "integrity": "sha512-cJp884bqhiebNcEHydW0g6V1MUGYOXRPw9c7MFiHQnuGxtbWuSZpsbojwb2kxb3AA1/Rfs8CNiV9MMOF8pFRDg=="
        },
        "hoek": {
          "version": "6.1.2",
          "resolved": "https://registry.npmjs.org/hoek/-/hoek-6.1.2.tgz",
          "integrity": "sha512-6qhh/wahGYZHFSFw12tBbJw5fsAhhwrrG/y3Cs0YMTv2WzMnL0oLPnQJjv1QJvEfylRSOFuP+xCu+tdx0tD16Q=="
        },
        "iron": {
          "version": "https://registry.npmjs.org/iron/-/iron-5.0.6.tgz",
          "integrity": "sha512-zYUMOSkEXGBdwlV/AXF9zJC0aLuTJUKHkGeYS5I2g225M5i6SrxQyGJGhPgOR8BK1omL6N5i6TcwfsXbP8/Exw==",
          "extraneous": true
        },
        "joi": {
          "version": "14.3.1",
          "resolved": "https://registry.npmjs.org/joi/-/joi-14.3.1.tgz",
          "integrity": "sha512-LQDdM+pkOrpAn4Lp+neNIFV3axv1Vna3j38bisbQhETPMANYRbFJFUyOZcOClYvM/hppMhGWuKSFEK9vjrB+bQ=="
        },
        "mime-db": {
          "version": "https://registry.npmjs.org/mime-db/-/mime-db-1.37.0.tgz",
          "integrity": "sha512-R3C4db6bgQhlIhPU48fUtdVmKnflq+hRdad7IyKhtFj06VPNVdk2RhiYL3UjQIlso8L+YxAtFkobT0VK+S/ybg==",
          "extraneous": true
        },
        "mimos": {
          "version": "4.0.2",
          "resolved": "https://registry.npmjs.org/mimos/-/mimos-4.0.2.tgz",
          "integrity": "sha512-5XBsDqBqzSN88XPPH/TFpOalWOjHJM5Z2d3AMx/30iq+qXvYKd/8MPhqBwZDOLtoaIWInR3nLzMQcxfGK9djXA=="
        },
        "nigel": {
          "version": "https://registry.npmjs.org/nigel/-/nigel-3.0.4.tgz",
          "integrity": "sha512-3SZCCS/duVDGxFpTROHEieC+itDo4UqL9JNUyQJv3rljudQbK6aqus5B4470OxhESPJLN93Qqxg16rH7DUjbfQ==",
          "extraneous": true
        },
        "pez": {
          "version": "https://registry.npmjs.org/pez/-/pez-4.0.5.tgz",
          "integrity": "sha512-HvL8uiFIlkXbx/qw4B8jKDCWzo7Pnnd65Uvanf9OOCtb20MRcb9gtTVBf9NCnhETif1/nzbDHIjAWC/sUp7LIQ==",
          "extraneous": true
        },
        "podium": {
          "version": "3.2.0",
          "resolved": "https://registry.npmjs.org/podium/-/podium-3.2.0.tgz",
          "integrity": "sha512-rbwvxwVkI6gRRlxZQ1zUeafrpGxZ7QPHIheinehAvGATvGIPfWRkaTeWedc5P4YjXJXEV8ZbBxPtglNylF9hjw=="
        },
        "shot": {
          "version": "4.0.7",
          "resolved": "https://registry.npmjs.org/shot/-/shot-4.0.7.tgz",
          "integrity": "sha512-RKaKAGKxJ11EjJl0cf2fYVSsd4KB5Cncb9J0v7w+0iIaXpxNqFWTYNDNhBX7f0XSyDrjOH9a4OWZ9Gp/ZML+ew=="
        },
        "somever": {
          "version": "2.0.0",
          "resolved": "https://registry.npmjs.org/somever/-/somever-2.0.0.tgz",
          "integrity": "sha512-9JaIPP+HxwYGqCDqqK3tRaTqdtQHoK6Qy3IrXhIt2q5x8fs8RcfU7BMWlFTCOgFazK8p88zIv1tHQXvAwtXMyw=="
        },
        "statehood": {
          "version": "6.0.9",
          "resolved": "https://registry.npmjs.org/statehood/-/statehood-6.0.9.tgz",
          "integrity": "sha512-jbFg1+MYEqfC7ABAoWZoeF4cQUtp3LUvMDUGExL76cMmleBHG7I6xlZFsE8hRi7nEySIvutHmVlLmBe9+2R5LQ=="
        },
        "subtext": {
          "version": "6.0.12",
          "resolved": "https://registry.npmjs.org/subtext/-/subtext-6.0.12.tgz",
          "integrity": "sha512-yT1wCDWVgqvL9BIkWzWqgj5spUSYo/Enu09iUV8t2ZvHcr2tKGTGg2kc9tUpVEsdhp1ihsZeTAiDqh0TQciTPQ=="
        },
        "teamwork": {
          "version": "3.0.3",
          "resolved": "https://registry.npmjs.org/teamwork/-/teamwork-3.0.3.tgz",
          "integrity": "sha512-OCB56z+G70iA1A1OFoT+51TPzfcgN0ks75uN3yhxA+EU66WTz2BevNDK4YzMqfaL5tuAvxy4iFUn35/u8pxMaQ=="
        },
        "topo": {
          "version": "3.0.3",
          "resolved": "https://registry.npmjs.org/topo/-/topo-3.0.3.tgz",
          "integrity": "sha512-IgpPtvD4kjrJ7CRA3ov2FhWQADwv+Tdqbsf1ZnPUSAtCJ9e1Z44MmoSGDXGk4IppoZA7jd/QRkNddlLJWlUZsQ=="
        },
        "vise": {
          "version": "https://registry.npmjs.org/vise/-/vise-3.0.2.tgz",
          "integrity": "sha512-X52VtdRQbSBXdjcazRiY3eRgV3vTQ0B+7Wh8uC9cVv7lKfML5m9+9NHlbcgCY0R9EAqD1v/v7o9mhGh2A3ANFg==",
          "extraneous": true
        },
        "wreck": {
          "version": "https://registry.npmjs.org/wreck/-/wreck-14.1.3.tgz",
          "integrity": "sha512-hb/BUtjX3ObbwO3slCOLCenQ4EP8e+n8j6FmTne3VhEFp5XV1faSJojiyxVSvw34vgdeTG5baLTl4NmjwokLlw==",
          "extraneous": true
        }
      }
    },
    "hapi-geo-locate": {
      "version": "4.1.1",
      "resolved": "https://registry.npmjs.org/hapi-geo-locate/-/hapi-geo-locate-4.1.1.tgz",
      "integrity": "sha512-TIuwD5Mr8MVIWt66KAqRwqwGfyOXNyWckLs0JEkrI7QXxcV5uIVpzZi+BWpbfr28nt4r1HvMdJNMZwUb5jvNow==",
      "requires": {
        "@supercharge/request-ip": "~1.0.0",
        "ipinfo": "~1.3.9"
      }
    },
    "ipinfo": {
      "version": "1.3.10",
      "resolved": "https://registry.npmjs.org/ipinfo/-/ipinfo-1.3.10.tgz",
      "integrity": "sha512-XkyoTnSh8rmfn5odp4k68kRS5+tOFM+xY4bAQGMBTqLG+vcjmaG80viBIuiX1NcQrH7LOumXq+RBDuMCsSfh2Q==",
      "requires": {
        "jsonrequest": "^4.1.3"
      }
    },
    "jsonrequest": {
      "version": "4.2.6",
      "resolved": "https://registry.npmjs.org/jsonrequest/-/jsonrequest-4.2.6.tgz",
      "integrity": "sha512-/icyab0LIq9158C/djgV4bxbqGKDoGjsZ1UqhI6WMEYHRk4sbAlsgsiUltoMZi66Ea6iogIpy32qqkkdLtswPg==",
      "requires": {
        "noop6": "^1.0.6",
        "tinyreq": "^3.0.1",
        "ul": "^5.0.0"
      }
    },
    "lru-cache": {
      "version": "6.0.0",
      "resolved": "https://registry.npmjs.org/lru-cache/-/lru-cache-6.0.0.tgz",
      "integrity": "sha512-Jo6dJ04CmSjuznwJSS3pUeWmd/H0ffTlkXXgwZi+eq1UCmqQwCh+eLsYOYCwY991i2Fah4h1BEMCx4qThGbsiA==",
      "requires": {
        "yallist": "^4.0.0"
      }
    },
    "noop6": {
      "version": "1.0.9",
      "resolved": "https://registry.npmjs.org/noop6/-/noop6-1.0.9.tgz",
      "integrity": "sha512-DB3Hwyd89dPr5HqEPg3YHjzvwh/mCqizC1zZ8vyofqc+TQRyPDnT4wgXXbLGF4z9YAzwwTLi8pNLhGqcbSjgkA=="
    },
    "sliced": {
      "version": "1.0.1",
      "resolved": "https://registry.npmjs.org/sliced/-/sliced-1.0.1.tgz",
      "integrity": "sha1-CzpmK10Ewxd7GSa+qCsD+Dei70E="
    },
    "tinyreq": {
      "version": "3.4.2",
      "resolved": "https://registry.npmjs.org/tinyreq/-/tinyreq-3.4.2.tgz",
      "integrity": "sha512-VHl9n2w2t1HD9ftvbmYMA99g/yeioIRhpxT5cazb/jo2Vld5ZtPEVW4PhBFgNXjdL2ch8j6z0cawDCF7eIFZsQ==",
      "requires": {
        "assured": "^1.0.12",
        "follow-redirects": "^1.4.1",
        "noop6": "^1.0.7",
        "ul": "^5.2.13"
      }
    },
    "typpy": {
      "version": "2.3.13",
      "resolved": "https://registry.npmjs.org/typpy/-/typpy-2.3.13.tgz",
      "integrity": "sha512-vOxIcQz9sxHi+rT09SJ5aDgVgrPppQjwnnayTrMye1ODaU8gIZTDM19t9TxmEElbMihx2Nq/0/b/MtyKfayRqA==",
      "requires": {
        "function.name": "^1.0.3"
      }
    },
    "ul": {
      "version": "5.2.15",
      "resolved": "https://registry.npmjs.org/ul/-/ul-5.2.15.tgz",
      "integrity": "sha512-svLEUy8xSCip5IWnsRa0UOg+2zP0Wsj4qlbjTmX6GJSmvKMHADBuHOm1dpNkWqWPIGuVSqzUkV3Cris5JrlTRQ==",
      "requires": {
        "deffy": "^2.2.2",
        "typpy": "^2.3.4"
      }
    },
    "yallist": {
      "version": "4.0.0",
      "resolved": "https://registry.npmjs.org/yallist/-/yallist-4.0.0.tgz",
      "integrity": "sha512-3wdGidZyq5PB084XLES5TpOSRA3wjXAlIWMhum2kRcv/41Sn2emQ0dycQW4uZXLejwKvg6EsvbdlVL+FYEct7A=="
    }
  }
}
